
Microsoft Visual Studio Solution File, Format Version 12.00
# Visual Studio Version 16
VisualStudioVersion = 16.0.31129.286
MinimumVisualStudioVersion = 10.0.40219.1
Project("{FAE04EC0-301F-11D3-BF4B-00C04F79EFBC}") = "devops-test", "devops-test\devops-test.csproj", "{0E9C59D2-364F-4027-86D6-0F9EF0D1893B}"
EndProject
Global
	GlobalSection(SolutionConfigurationPlatforms) = preSolution
		Debug|Any CPU = Debug|Any CPU
		Release|Any CPU = Release|Any CPU
	EndGlobalSection
	GlobalSection(ProjectConfigurationPlatforms) = postSolution
		{0E9C59D2-364F-4027-86D6-0F9EF0D1893B}.Debug|Any CPU.ActiveCfg = Debug|Any CPU
		{0E9C59D2-364F-4027-86D6-0F9EF0D1893B}.Debug|Any CPU.Build.0 = Debug|Any CPU
		{0E9C59D2-364F-4027-86D6-0F9EF0D1893B}.Release|Any CPU.ActiveCfg = Release|Any CPU
		{0E9C59D2-364F-4027-86D6-0F9EF0D1893B}.Release|Any CPU.Build.0 = Release|Any CPU
	EndGlobalSection
	GlobalSection(SolutionProperties) = preSolution
		HideSolutionNode = FALSE
	EndGlobalSection
	GlobalSection(ExtensibilityGlobals) = postSolution
		SolutionGuid = {FC30D007-5034-4E0C-9D57-A84FF0AE59CA}
	EndGlobalSection
EndGlobal
